// !$*UTF8*$!
{
	archiveVersion = 1;
	classes = {
	};
	objectVersion = 56;
	objects = {

/* Begin PBXBuildFile section */
		626F91B14A17785E5948E183 /* Pods_Podcasts.framework in Frameworks */ = {isa = PBXBuildFile; fileRef = 66D804DD3B597EA56485C1C8 /* Pods_Podcasts.framework */; };
		AE02F8B52A55CB2900466D5F /* Episode.swift in Sources */ = {isa = PBXBuildFile; fileRef = AE02F8B42A55CB2900466D5F /* Episode.swift */; };
		AE02F8B72A55CB8B00466D5F /* SearchResult.swift in Sources */ = {isa = PBXBuildFile; fileRef = AE02F8B62A55CB8B00466D5F /* SearchResult.swift */; };
		AE02F8BE2A55E79D00466D5F /* String.swift in Sources */ = {isa = PBXBuildFile; fileRef = AE02F8BD2A55E79D00466D5F /* String.swift */; };
		AE02F8C02A55E9AB00466D5F /* RSSFeed.swift in Sources */ = {isa = PBXBuildFile; fileRef = AE02F8BF2A55E9AB00466D5F /* RSSFeed.swift */; };
		AE03CAC92A58808800DF6E45 /* PlayerDetailsView.swift in Sources */ = {isa = PBXBuildFile; fileRef = AE03CAC82A58808800DF6E45 /* PlayerDetailsView.swift */; };
		AE0BEAA12A60320A0083AEDA /* FavoritesController.swift in Sources */ = {isa = PBXBuildFile; fileRef = AE0BEAA02A60320A0083AEDA /* FavoritesController.swift */; };
		AE0BEAA52A605EEE0083AEDA /* UserDefaults.swift in Sources */ = {isa = PBXBuildFile; fileRef = AE0BEAA42A605EEE0083AEDA /* UserDefaults.swift */; };
		AE1009992A545508005CBBB0 /* AppDelegate.swift in Sources */ = {isa = PBXBuildFile; fileRef = AE1009982A545508005CBBB0 /* AppDelegate.swift */; };
		AE10099B2A545508005CBBB0 /* SceneDelegate.swift in Sources */ = {isa = PBXBuildFile; fileRef = AE10099A2A545508005CBBB0 /* SceneDelegate.swift */; };
		AE1009A22A545509005CBBB0 /* Assets.xcassets in Resources */ = {isa = PBXBuildFile; fileRef = AE1009A12A545509005CBBB0 /* Assets.xcassets */; };
		AE1009A52A545509005CBBB0 /* LaunchScreen.storyboard in Resources */ = {isa = PBXBuildFile; fileRef = AE1009A32A545509005CBBB0 /* LaunchScreen.storyboard */; };
		AE1448552A5538E90036E6A3 /* APIService.swift in Sources */ = {isa = PBXBuildFile; fileRef = AE1448542A5538E90036E6A3 /* APIService.swift */; };
		AE1448602A559E440036E6A3 /* EpisodesController.swift in Sources */ = {isa = PBXBuildFile; fileRef = AE14485F2A559E440036E6A3 /* EpisodesController.swift */; };
		AE17D5AB2A5D208C004DD7C6 /* PlayerDetailsView+Gesture.swift in Sources */ = {isa = PBXBuildFile; fileRef = AE17D5AA2A5D208C004DD7C6 /* PlayerDetailsView+Gesture.swift */; };
		AE1BB7592A6144500017ED66 /* FavoritePodcastCell.swift in Sources */ = {isa = PBXBuildFile; fileRef = AE1BB7582A6144500017ED66 /* FavoritePodcastCell.swift */; };
		AE1BB75B2A6144DD0017ED66 /* DownloadsController.swift in Sources */ = {isa = PBXBuildFile; fileRef = AE1BB75A2A6144DD0017ED66 /* DownloadsController.swift */; };
		AE7D8C962A57DEE0004C6D5A /* PlayerDetailsView.xib in Resources */ = {isa = PBXBuildFile; fileRef = AE7D8C952A57DEE0004C6D5A /* PlayerDetailsView.xib */; };
		AE7FEDD42A57D22B00A9772D /* PodcastCell.swift in Sources */ = {isa = PBXBuildFile; fileRef = AE7FEDD02A57D22B00A9772D /* PodcastCell.swift */; };
		AE7FEDD52A57D22B00A9772D /* EpisodeCell.swift in Sources */ = {isa = PBXBuildFile; fileRef = AE7FEDD12A57D22B00A9772D /* EpisodeCell.swift */; };
		AE7FEDD62A57D22B00A9772D /* PodcastCell.xib in Resources */ = {isa = PBXBuildFile; fileRef = AE7FEDD22A57D22B00A9772D /* PodcastCell.xib */; };
		AE7FEDD72A57D22B00A9772D /* EpisodeCell.xib in Resources */ = {isa = PBXBuildFile; fileRef = AE7FEDD32A57D22B00A9772D /* EpisodeCell.xib */; };
		AE8F68F82A5849490085A95A /* CMTime.swift in Sources */ = {isa = PBXBuildFile; fileRef = AE8F68F72A5849490085A95A /* CMTime.swift */; };
		AEDCE4CC2A5C604F009FCA90 /* UIApplication.swift in Sources */ = {isa = PBXBuildFile; fileRef = AEDCE4CB2A5C604F009FCA90 /* UIApplication.swift */; };
		AEE283002A54598500A50776 /* MainTabBarController.swift in Sources */ = {isa = PBXBuildFile; fileRef = AEE282FF2A54598500A50776 /* MainTabBarController.swift */; };
		AEE283032A545C5500A50776 /* SearchController.swift in Sources */ = {isa = PBXBuildFile; fileRef = AEE283022A545C5500A50776 /* SearchController.swift */; };
		AEE283062A545CD500A50776 /* Podcast.swift in Sources */ = {isa = PBXBuildFile; fileRef = AEE283052A545CD500A50776 /* Podcast.swift */; };
/* End PBXBuildFile section */

/* Begin PBXFileReference section */
		1CF6978964DA6B4587C8807C /* Pods-Podcasts.debug.xcconfig */ = {isa = PBXFileReference; includeInIndex = 1; lastKnownFileType = text.xcconfig; name = "Pods-Podcasts.debug.xcconfig"; path = "Target Support Files/Pods-Podcasts/Pods-Podcasts.debug.xcconfig"; sourceTree = "<group>"; };
		66D804DD3B597EA56485C1C8 /* Pods_Podcasts.framework */ = {isa = PBXFileReference; explicitFileType = wrapper.framework; includeInIndex = 0; path = Pods_Podcasts.framework; sourceTree = BUILT_PRODUCTS_DIR; };
		AE02F8B42A55CB2900466D5F /* Episode.swift */ = {isa = PBXFileReference; lastKnownFileType = sourcecode.swift; path = Episode.swift; sourceTree = "<group>"; };
		AE02F8B62A55CB8B00466D5F /* SearchResult.swift */ = {isa = PBXFileReference; lastKnownFileType = sourcecode.swift; path = SearchResult.swift; sourceTree = "<group>"; };
		AE02F8BD2A55E79D00466D5F /* String.swift */ = {isa = PBXFileReference; lastKnownFileType = sourcecode.swift; path = String.swift; sourceTree = "<group>"; };
		AE02F8BF2A55E9AB00466D5F /* RSSFeed.swift */ = {isa = PBXFileReference; lastKnownFileType = sourcecode.swift; path = RSSFeed.swift; sourceTree = "<group>"; };
		AE03CAC82A58808800DF6E45 /* PlayerDetailsView.swift */ = {isa = PBXFileReference; fileEncoding = 4; lastKnownFileType = sourcecode.swift; name = PlayerDetailsView.swift; path = Podcasts/Views/PlayerDetailsView.swift; sourceTree = "<group>"; };
		AE0BEAA02A60320A0083AEDA /* FavoritesController.swift */ = {isa = PBXFileReference; lastKnownFileType = sourcecode.swift; path = FavoritesController.swift; sourceTree = "<group>"; };
		AE0BEAA42A605EEE0083AEDA /* UserDefaults.swift */ = {isa = PBXFileReference; lastKnownFileType = sourcecode.swift; path = UserDefaults.swift; sourceTree = "<group>"; };
		AE1009952A545508005CBBB0 /* Podcasts.app */ = {isa = PBXFileReference; explicitFileType = wrapper.application; includeInIndex = 0; path = Podcasts.app; sourceTree = BUILT_PRODUCTS_DIR; };
		AE1009982A545508005CBBB0 /* AppDelegate.swift */ = {isa = PBXFileReference; lastKnownFileType = sourcecode.swift; path = AppDelegate.swift; sourceTree = "<group>"; };
		AE10099A2A545508005CBBB0 /* SceneDelegate.swift */ = {isa = PBXFileReference; lastKnownFileType = sourcecode.swift; path = SceneDelegate.swift; sourceTree = "<group>"; };
		AE1009A12A545509005CBBB0 /* Assets.xcassets */ = {isa = PBXFileReference; lastKnownFileType = folder.assetcatalog; path = Assets.xcassets; sourceTree = "<group>"; };
		AE1009A42A545509005CBBB0 /* Base */ = {isa = PBXFileReference; lastKnownFileType = file.storyboard; name = Base; path = Base.lproj/LaunchScreen.storyboard; sourceTree = "<group>"; };
		AE1009A62A545509005CBBB0 /* Info.plist */ = {isa = PBXFileReference; lastKnownFileType = text.plist.xml; path = Info.plist; sourceTree = "<group>"; };
		AE1448542A5538E90036E6A3 /* APIService.swift */ = {isa = PBXFileReference; lastKnownFileType = sourcecode.swift; path = APIService.swift; sourceTree = "<group>"; };
		AE14485F2A559E440036E6A3 /* EpisodesController.swift */ = {isa = PBXFileReference; lastKnownFileType = sourcecode.swift; path = EpisodesController.swift; sourceTree = "<group>"; xcLanguageSpecificationIdentifier = xcode.lang.swift; };
		AE17D5AA2A5D208C004DD7C6 /* PlayerDetailsView+Gesture.swift */ = {isa = PBXFileReference; fileEncoding = 4; lastKnownFileType = sourcecode.swift; name = "PlayerDetailsView+Gesture.swift"; path = "Podcasts/Views/PlayerDetailsView+Gesture.swift"; sourceTree = "<group>"; };
		AE1BB7582A6144500017ED66 /* FavoritePodcastCell.swift */ = {isa = PBXFileReference; fileEncoding = 4; lastKnownFileType = sourcecode.swift; name = FavoritePodcastCell.swift; path = Podcasts/Views/FavoritePodcastCell.swift; sourceTree = "<group>"; };
		AE1BB75A2A6144DD0017ED66 /* DownloadsController.swift */ = {isa = PBXFileReference; lastKnownFileType = sourcecode.swift; path = DownloadsController.swift; sourceTree = "<group>"; };
		AE7D8C952A57DEE0004C6D5A /* PlayerDetailsView.xib */ = {isa = PBXFileReference; fileEncoding = 4; lastKnownFileType = file.xib; name = PlayerDetailsView.xib; path = Podcasts/Views/PlayerDetailsView.xib; sourceTree = "<group>"; };
		AE7FEDD02A57D22B00A9772D /* PodcastCell.swift */ = {isa = PBXFileReference; fileEncoding = 4; lastKnownFileType = sourcecode.swift; name = PodcastCell.swift; path = Podcasts/Views/PodcastCell.swift; sourceTree = "<group>"; };
		AE7FEDD12A57D22B00A9772D /* EpisodeCell.swift */ = {isa = PBXFileReference; fileEncoding = 4; lastKnownFileType = sourcecode.swift; name = EpisodeCell.swift; path = Podcasts/Views/EpisodeCell.swift; sourceTree = "<group>"; };
		AE7FEDD22A57D22B00A9772D /* PodcastCell.xib */ = {isa = PBXFileReference; fileEncoding = 4; lastKnownFileType = file.xib; name = PodcastCell.xib; path = Podcasts/Views/PodcastCell.xib; sourceTree = "<group>"; };
		AE7FEDD32A57D22B00A9772D /* EpisodeCell.xib */ = {isa = PBXFileReference; fileEncoding = 4; lastKnownFileType = file.xib; name = EpisodeCell.xib; path = Podcasts/Views/EpisodeCell.xib; sourceTree = "<group>"; };
		AE8F68F72A5849490085A95A /* CMTime.swift */ = {isa = PBXFileReference; lastKnownFileType = sourcecode.swift; path = CMTime.swift; sourceTree = "<group>"; };
		AEDCE4CB2A5C604F009FCA90 /* UIApplication.swift */ = {isa = PBXFileReference; lastKnownFileType = sourcecode.swift; path = UIApplication.swift; sourceTree = "<group>"; };
		AEE282FF2A54598500A50776 /* MainTabBarController.swift */ = {isa = PBXFileReference; lastKnownFileType = sourcecode.swift; path = MainTabBarController.swift; sourceTree = "<group>"; xcLanguageSpecificationIdentifier = xcode.lang.swift; };
		AEE283022A545C5500A50776 /* SearchController.swift */ = {isa = PBXFileReference; lastKnownFileType = sourcecode.swift; path = SearchController.swift; sourceTree = "<group>"; };
		AEE283052A545CD500A50776 /* Podcast.swift */ = {isa = PBXFileReference; lastKnownFileType = sourcecode.swift; path = Podcast.swift; sourceTree = "<group>"; };
		B58A1F797E7A1FCA1AD850EB /* Pods-Podcasts.release.xcconfig */ = {isa = PBXFileReference; includeInIndex = 1; lastKnownFileType = text.xcconfig; name = "Pods-Podcasts.release.xcconfig"; path = "Target Support Files/Pods-Podcasts/Pods-Podcasts.release.xcconfig"; sourceTree = "<group>"; };
/* End PBXFileReference section */

/* Begin PBXFrameworksBuildPhase section */
		AE1009922A545508005CBBB0 /* Frameworks */ = {
			isa = PBXFrameworksBuildPhase;
			buildActionMask = 2147483647;
			files = (
				626F91B14A17785E5948E183 /* Pods_Podcasts.framework in Frameworks */,
			);
			runOnlyForDeploymentPostprocessing = 0;
		};
/* End PBXFrameworksBuildPhase section */

/* Begin PBXGroup section */
		05DA65F3668FA625D65DC375 /* Pods */ = {
			isa = PBXGroup;
			children = (
				1CF6978964DA6B4587C8807C /* Pods-Podcasts.debug.xcconfig */,
				B58A1F797E7A1FCA1AD850EB /* Pods-Podcasts.release.xcconfig */,
			);
			path = Pods;
			sourceTree = "<group>";
		};
		AA67033148E981DEC151A7B8 /* Frameworks */ = {
			isa = PBXGroup;
			children = (
				66D804DD3B597EA56485C1C8 /* Pods_Podcasts.framework */,
			);
			name = Frameworks;
			sourceTree = "<group>";
		};
		AE02F8BC2A55E78A00466D5F /* Extension */ = {
			isa = PBXGroup;
			children = (
				AE02F8BD2A55E79D00466D5F /* String.swift */,
				AE02F8BF2A55E9AB00466D5F /* RSSFeed.swift */,
				AE8F68F72A5849490085A95A /* CMTime.swift */,
				AEDCE4CB2A5C604F009FCA90 /* UIApplication.swift */,
				AE0BEAA42A605EEE0083AEDA /* UserDefaults.swift */,
			);
			path = Extension;
			sourceTree = "<group>";
		};
		AE10098C2A545508005CBBB0 = {
			isa = PBXGroup;
			children = (
				AE1009972A545508005CBBB0 /* Podcasts */,
				AE1009962A545508005CBBB0 /* Products */,
				05DA65F3668FA625D65DC375 /* Pods */,
				AA67033148E981DEC151A7B8 /* Frameworks */,
			);
			sourceTree = "<group>";
		};
		AE1009962A545508005CBBB0 /* Products */ = {
			isa = PBXGroup;
			children = (
				AE1009952A545508005CBBB0 /* Podcasts.app */,
			);
			name = Products;
			sourceTree = "<group>";
		};
		AE1009972A545508005CBBB0 /* Podcasts */ = {
			isa = PBXGroup;
			children = (
				AE02F8BC2A55E78A00466D5F /* Extension */,
				AE1448532A5538D80036E6A3 /* API */,
				AEE283042A545CCC00A50776 /* Models */,
				AE1448562A5556530036E6A3 /* Views */,
				AEE283012A545C4800A50776 /* Controllers */,
				AE1009982A545508005CBBB0 /* AppDelegate.swift */,
				AE10099A2A545508005CBBB0 /* SceneDelegate.swift */,
				AE1009A12A545509005CBBB0 /* Assets.xcassets */,
				AE1009A32A545509005CBBB0 /* LaunchScreen.storyboard */,
				AE1009A62A545509005CBBB0 /* Info.plist */,
			);
			path = Podcasts;
			sourceTree = "<group>";
		};
		AE1448532A5538D80036E6A3 /* API */ = {
			isa = PBXGroup;
			children = (
				AE1448542A5538E90036E6A3 /* APIService.swift */,
			);
			path = API;
			sourceTree = "<group>";
		};
		AE1448562A5556530036E6A3 /* Views */ = {
			isa = PBXGroup;
			children = (
				AE7FEDD12A57D22B00A9772D /* EpisodeCell.swift */,
				AE7FEDD32A57D22B00A9772D /* EpisodeCell.xib */,
				AE7FEDD02A57D22B00A9772D /* PodcastCell.swift */,
				AE7FEDD22A57D22B00A9772D /* PodcastCell.xib */,
				AE03CAC82A58808800DF6E45 /* PlayerDetailsView.swift */,
				AE17D5AA2A5D208C004DD7C6 /* PlayerDetailsView+Gesture.swift */,
				AE7D8C952A57DEE0004C6D5A /* PlayerDetailsView.xib */,
				AE1BB7582A6144500017ED66 /* FavoritePodcastCell.swift */,
			);
			name = Views;
			path = ..;
			sourceTree = "<group>";
		};
		AEE283012A545C4800A50776 /* Controllers */ = {
			isa = PBXGroup;
			children = (
				AEE282FF2A54598500A50776 /* MainTabBarController.swift */,
				AEE283022A545C5500A50776 /* SearchController.swift */,
				AE14485F2A559E440036E6A3 /* EpisodesController.swift */,
				AE0BEAA02A60320A0083AEDA /* FavoritesController.swift */,
				AE1BB75A2A6144DD0017ED66 /* DownloadsController.swift */,
			);
			path = Controllers;
			sourceTree = "<group>";
		};
		AEE283042A545CCC00A50776 /* Models */ = {
			isa = PBXGroup;
			children = (
				AE02F8B62A55CB8B00466D5F /* SearchResult.swift */,
				AEE283052A545CD500A50776 /* Podcast.swift */,
				AE02F8B42A55CB2900466D5F /* Episode.swift */,
			);
			path = Models;
			sourceTree = "<group>";
		};
/* End PBXGroup section */

/* Begin PBXNativeTarget section */
		AE1009942A545508005CBBB0 /* Podcasts */ = {
			isa = PBXNativeTarget;
			buildConfigurationList = AE1009A92A545509005CBBB0 /* Build configuration list for PBXNativeTarget "Podcasts" */;
			buildPhases = (
				AF3C82A5C2FC1B2109EC9454 /* [CP] Check Pods Manifest.lock */,
				AE1009912A545508005CBBB0 /* Sources */,
				AE1009922A545508005CBBB0 /* Frameworks */,
				AE1009932A545508005CBBB0 /* Resources */,
				45E627B57B01BDD2C57CED8D /* [CP] Embed Pods Frameworks */,
			);
			buildRules = (
			);
			dependencies = (
			);
			name = Podcasts;
			productName = Podcasts;
			productReference = AE1009952A545508005CBBB0 /* Podcasts.app */;
			productType = "com.apple.product-type.application";
		};
/* End PBXNativeTarget section */

/* Begin PBXProject section */
		AE10098D2A545508005CBBB0 /* Project object */ = {
			isa = PBXProject;
			attributes = {
				BuildIndependentTargetsInParallel = 1;
				LastSwiftUpdateCheck = 1430;
				LastUpgradeCheck = 1430;
				TargetAttributes = {
					AE1009942A545508005CBBB0 = {
						CreatedOnToolsVersion = 14.3.1;
					};
				};
			};
			buildConfigurationList = AE1009902A545508005CBBB0 /* Build configuration list for PBXProject "Podcasts" */;
			compatibilityVersion = "Xcode 14.0";
			developmentRegion = en;
			hasScannedForEncodings = 0;
			knownRegions = (
				en,
				Base,
			);
			mainGroup = AE10098C2A545508005CBBB0;
			productRefGroup = AE1009962A545508005CBBB0 /* Products */;
			projectDirPath = "";
			projectRoot = "";
			targets = (
				AE1009942A545508005CBBB0 /* Podcasts */,
			);
		};
/* End PBXProject section */

/* Begin PBXResourcesBuildPhase section */
		AE1009932A545508005CBBB0 /* Resources */ = {
			isa = PBXResourcesBuildPhase;
			buildActionMask = 2147483647;
			files = (
				AE7D8C962A57DEE0004C6D5A /* PlayerDetailsView.xib in Resources */,
				AE1009A52A545509005CBBB0 /* LaunchScreen.storyboard in Resources */,
				AE1009A22A545509005CBBB0 /* Assets.xcassets in Resources */,
				AE7FEDD72A57D22B00A9772D /* EpisodeCell.xib in Resources */,
				AE7FEDD62A57D22B00A9772D /* PodcastCell.xib in Resources */,
			);
			runOnlyForDeploymentPostprocessing = 0;
		};
/* End PBXResourcesBuildPhase section */

/* Begin PBXShellScriptBuildPhase section */
		45E627B57B01BDD2C57CED8D /* [CP] Embed Pods Frameworks */ = {
			isa = PBXShellScriptBuildPhase;
			buildActionMask = 2147483647;
			files = (
			);
			inputFileListPaths = (
				"${PODS_ROOT}/Target Support Files/Pods-Podcasts/Pods-Podcasts-frameworks-${CONFIGURATION}-input-files.xcfilelist",
			);
			name = "[CP] Embed Pods Frameworks";
			outputFileListPaths = (
				"${PODS_ROOT}/Target Support Files/Pods-Podcasts/Pods-Podcasts-frameworks-${CONFIGURATION}-output-files.xcfilelist",
			);
			runOnlyForDeploymentPostprocessing = 0;
			shellPath = /bin/sh;
			shellScript = "\"${PODS_ROOT}/Target Support Files/Pods-Podcasts/Pods-Podcasts-frameworks.sh\"\n";
			showEnvVarsInLog = 0;
		};
		AF3C82A5C2FC1B2109EC9454 /* [CP] Check Pods Manifest.lock */ = {
			isa = PBXShellScriptBuildPhase;
			buildActionMask = 2147483647;
			files = (
			);
			inputFileListPaths = (
			);
			inputPaths = (
				"${PODS_PODFILE_DIR_PATH}/Podfile.lock",
				"${PODS_ROOT}/Manifest.lock",
			);
			name = "[CP] Check Pods Manifest.lock";
			outputFileListPaths = (
			);
			outputPaths = (
				"$(DERIVED_FILE_DIR)/Pods-Podcasts-checkManifestLockResult.txt",
			);
			runOnlyForDeploymentPostprocessing = 0;
			shellPath = /bin/sh;
			shellScript = "diff \"${PODS_PODFILE_DIR_PATH}/Podfile.lock\" \"${PODS_ROOT}/Manifest.lock\" > /dev/null\nif [ $? != 0 ] ; then\n    # print error to STDERR\n    echo \"error: The sandbox is not in sync with the Podfile.lock. Run 'pod install' or update your CocoaPods installation.\" >&2\n    exit 1\nfi\n# This output is used by Xcode 'outputs' to avoid re-running this script phase.\necho \"SUCCESS\" > \"${SCRIPT_OUTPUT_FILE_0}\"\n";
			showEnvVarsInLog = 0;
		};
/* End PBXShellScriptBuildPhase section */

/* Begin PBXSourcesBuildPhase section */
		AE1009912A545508005CBBB0 /* Sources */ = {
			isa = PBXSourcesBuildPhase;
			buildActionMask = 2147483647;
			files = (
				AEDCE4CC2A5C604F009FCA90 /* UIApplication.swift in Sources */,
				AE1BB75B2A6144DD0017ED66 /* DownloadsController.swift in Sources */,
				AE03CAC92A58808800DF6E45 /* PlayerDetailsView.swift in Sources */,
				AE02F8B72A55CB8B00466D5F /* SearchResult.swift in Sources */,
				AE17D5AB2A5D208C004DD7C6 /* PlayerDetailsView+Gesture.swift in Sources */,
				AE0BEAA52A605EEE0083AEDA /* UserDefaults.swift in Sources */,
				AE1448552A5538E90036E6A3 /* APIService.swift in Sources */,
				AE02F8C02A55E9AB00466D5F /* RSSFeed.swift in Sources */,
				AE02F8B52A55CB2900466D5F /* Episode.swift in Sources */,
				AE8F68F82A5849490085A95A /* CMTime.swift in Sources */,
				AE02F8BE2A55E79D00466D5F /* String.swift in Sources */,
				AEE283032A545C5500A50776 /* SearchController.swift in Sources */,
				AEE283062A545CD500A50776 /* Podcast.swift in Sources */,
				AEE283002A54598500A50776 /* MainTabBarController.swift in Sources */,
				AE0BEAA12A60320A0083AEDA /* FavoritesController.swift in Sources */,
				AE1009992A545508005CBBB0 /* AppDelegate.swift in Sources */,
				AE10099B2A545508005CBBB0 /* SceneDelegate.swift in Sources */,
				AE7FEDD52A57D22B00A9772D /* EpisodeCell.swift in Sources */,
				AE1BB7592A6144500017ED66 /* FavoritePodcastCell.swift in Sources */,
				AE7FEDD42A57D22B00A9772D /* PodcastCell.swift in Sources */,
				AE1448602A559E440036E6A3 /* EpisodesController.swift in Sources */,
			);
			runOnlyForDeploymentPostprocessing = 0;
		};
/* End PBXSourcesBuildPhase section */

/* Begin PBXVariantGroup section */
		AE1009A32A545509005CBBB0 /* LaunchScreen.storyboard */ = {
			isa = PBXVariantGroup;
			children = (
				AE1009A42A545509005CBBB0 /* Base */,
			);
			name = LaunchScreen.storyboard;
			sourceTree = "<group>";
		};
/* End PBXVariantGroup section */

/* Begin XCBuildConfiguration section */
		AE1009A72A545509005CBBB0 /* Debug */ = {
			isa = XCBuildConfiguration;
			buildSettings = {
				ALWAYS_SEARCH_USER_PATHS = NO;
				CLANG_ANALYZER_NONNULL = YES;
				CLANG_ANALYZER_NUMBER_OBJECT_CONVERSION = YES_AGGRESSIVE;
				CLANG_CXX_LANGUAGE_STANDARD = "gnu++20";
				CLANG_ENABLE_MODULES = YES;
				CLANG_ENABLE_OBJC_ARC = YES;
				CLANG_ENABLE_OBJC_WEAK = YES;
				CLANG_WARN_BLOCK_CAPTURE_AUTORELEASING = YES;
				CLANG_WARN_BOOL_CONVERSION = YES;
				CLANG_WARN_COMMA = YES;
				CLANG_WARN_CONSTANT_CONVERSION = YES;
				CLANG_WARN_DEPRECATED_OBJC_IMPLEMENTATIONS = YES;
				CLANG_WARN_DIRECT_OBJC_ISA_USAGE = YES_ERROR;
				CLANG_WARN_DOCUMENTATION_COMMENTS = YES;
				CLANG_WARN_EMPTY_BODY = YES;
				CLANG_WARN_ENUM_CONVERSION = YES;
				CLANG_WARN_INFINITE_RECURSION = YES;
				CLANG_WARN_INT_CONVERSION = YES;
				CLANG_WARN_NON_LITERAL_NULL_CONVERSION = YES;
				CLANG_WARN_OBJC_IMPLICIT_RETAIN_SELF = YES;
				CLANG_WARN_OBJC_LITERAL_CONVERSION = YES;
				CLANG_WARN_OBJC_ROOT_CLASS = YES_ERROR;
				CLANG_WARN_QUOTED_INCLUDE_IN_FRAMEWORK_HEADER = YES;
				CLANG_WARN_RANGE_LOOP_ANALYSIS = YES;
				CLANG_WARN_STRICT_PROTOTYPES = YES;
				CLANG_WARN_SUSPICIOUS_MOVE = YES;
				CLANG_WARN_UNGUARDED_AVAILABILITY = YES_AGGRESSIVE;
				CLANG_WARN_UNREACHABLE_CODE = YES;
				CLANG_WARN__DUPLICATE_METHOD_MATCH = YES;
				COPY_PHASE_STRIP = NO;
				DEBUG_INFORMATION_FORMAT = dwarf;
				ENABLE_STRICT_OBJC_MSGSEND = YES;
				ENABLE_TESTABILITY = YES;
				GCC_C_LANGUAGE_STANDARD = gnu11;
				GCC_DYNAMIC_NO_PIC = NO;
				GCC_NO_COMMON_BLOCKS = YES;
				GCC_OPTIMIZATION_LEVEL = 0;
				GCC_PREPROCESSOR_DEFINITIONS = (
					"DEBUG=1",
					"$(inherited)",
				);
				GCC_WARN_64_TO_32_BIT_CONVERSION = YES;
				GCC_WARN_ABOUT_RETURN_TYPE = YES_ERROR;
				GCC_WARN_UNDECLARED_SELECTOR = YES;
				GCC_WARN_UNINITIALIZED_AUTOS = YES_AGGRESSIVE;
				GCC_WARN_UNUSED_FUNCTION = YES;
				GCC_WARN_UNUSED_VARIABLE = YES;
				IPHONEOS_DEPLOYMENT_TARGET = 16.4;
				MTL_ENABLE_DEBUG_INFO = INCLUDE_SOURCE;
				MTL_FAST_MATH = YES;
				ONLY_ACTIVE_ARCH = YES;
				SDKROOT = iphoneos;
				SWIFT_ACTIVE_COMPILATION_CONDITIONS = DEBUG;
				SWIFT_OPTIMIZATION_LEVEL = "-Onone";
			};
			name = Debug;
		};
		AE1009A82A545509005CBBB0 /* Release */ = {
			isa = XCBuildConfiguration;
			buildSettings = {
				ALWAYS_SEARCH_USER_PATHS = NO;
				CLANG_ANALYZER_NONNULL = YES;
				CLANG_ANALYZER_NUMBER_OBJECT_CONVERSION = YES_AGGRESSIVE;
				CLANG_CXX_LANGUAGE_STANDARD = "gnu++20";
				CLANG_ENABLE_MODULES = YES;
				CLANG_ENABLE_OBJC_ARC = YES;
				CLANG_ENABLE_OBJC_WEAK = YES;
				CLANG_WARN_BLOCK_CAPTURE_AUTORELEASING = YES;
				CLANG_WARN_BOOL_CONVERSION = YES;
				CLANG_WARN_COMMA = YES;
				CLANG_WARN_CONSTANT_CONVERSION = YES;
				CLANG_WARN_DEPRECATED_OBJC_IMPLEMENTATIONS = YES;
				CLANG_WARN_DIRECT_OBJC_ISA_USAGE = YES_ERROR;
				CLANG_WARN_DOCUMENTATION_COMMENTS = YES;
				CLANG_WARN_EMPTY_BODY = YES;
				CLANG_WARN_ENUM_CONVERSION = YES;
				CLANG_WARN_INFINITE_RECURSION = YES;
				CLANG_WARN_INT_CONVERSION = YES;
				CLANG_WARN_NON_LITERAL_NULL_CONVERSION = YES;
				CLANG_WARN_OBJC_IMPLICIT_RETAIN_SELF = YES;
				CLANG_WARN_OBJC_LITERAL_CONVERSION = YES;
				CLANG_WARN_OBJC_ROOT_CLASS = YES_ERROR;
				CLANG_WARN_QUOTED_INCLUDE_IN_FRAMEWORK_HEADER = YES;
				CLANG_WARN_RANGE_LOOP_ANALYSIS = YES;
				CLANG_WARN_STRICT_PROTOTYPES = YES;
				CLANG_WARN_SUSPICIOUS_MOVE = YES;
				CLANG_WARN_UNGUARDED_AVAILABILITY = YES_AGGRESSIVE;
				CLANG_WARN_UNREACHABLE_CODE = YES;
				CLANG_WARN__DUPLICATE_METHOD_MATCH = YES;
				COPY_PHASE_STRIP = NO;
				DEBUG_INFORMATION_FORMAT = "dwarf-with-dsym";
				ENABLE_NS_ASSERTIONS = NO;
				ENABLE_STRICT_OBJC_MSGSEND = YES;
				GCC_C_LANGUAGE_STANDARD = gnu11;
				GCC_NO_COMMON_BLOCKS = YES;
				GCC_WARN_64_TO_32_BIT_CONVERSION = YES;
				GCC_WARN_ABOUT_RETURN_TYPE = YES_ERROR;
				GCC_WARN_UNDECLARED_SELECTOR = YES;
				GCC_WARN_UNINITIALIZED_AUTOS = YES_AGGRESSIVE;
				GCC_WARN_UNUSED_FUNCTION = YES;
				GCC_WARN_UNUSED_VARIABLE = YES;
				IPHONEOS_DEPLOYMENT_TARGET = 16.4;
				MTL_ENABLE_DEBUG_INFO = NO;
				MTL_FAST_MATH = YES;
				SDKROOT = iphoneos;
				SWIFT_COMPILATION_MODE = wholemodule;
				SWIFT_OPTIMIZATION_LEVEL = "-O";
				VALIDATE_PRODUCT = YES;
			};
			name = Release;
		};
		AE1009AA2A545509005CBBB0 /* Debug */ = {
			isa = XCBuildConfiguration;
			baseConfigurationReference = 1CF6978964DA6B4587C8807C /* Pods-Podcasts.debug.xcconfig */;
			buildSettings = {
				ASSETCATALOG_COMPILER_APPICON_NAME = AppIcon;
				ASSETCATALOG_COMPILER_GLOBAL_ACCENT_COLOR_NAME = AccentColor;
				CODE_SIGN_STYLE = Automatic;
				CURRENT_PROJECT_VERSION = 1;
				DEVELOPMENT_TEAM = 47239J68X3;
				GENERATE_INFOPLIST_FILE = YES;
				INFOPLIST_FILE = Podcasts/Info.plist;
				INFOPLIST_KEY_UIApplicationSupportsIndirectInputEvents = YES;
				INFOPLIST_KEY_UILaunchStoryboardName = LaunchScreen;
				INFOPLIST_KEY_UISupportedInterfaceOrientations_iPad = "UIInterfaceOrientationPortrait UIInterfaceOrientationPortraitUpsideDown UIInterfaceOrientationLandscapeLeft UIInterfaceOrientationLandscapeRight";
				INFOPLIST_KEY_UISupportedInterfaceOrientations_iPhone = "UIInterfaceOrientationPortrait UIInterfaceOrientationLandscapeLeft UIInterfaceOrientationLandscapeRight";
				LD_RUNPATH_SEARCH_PATHS = (
					"$(inherited)",
					"@executable_path/Frameworks",
				);
				MARKETING_VERSION = 1.0;
				PRODUCT_BUNDLE_IDENTIFIER = com.omerfarukercivan.Podcasts;
				PRODUCT_NAME = "$(TARGET_NAME)";
				SWIFT_EMIT_LOC_STRINGS = YES;
				SWIFT_VERSION = 5.0;
				TARGETED_DEVICE_FAMILY = "1,2";
			};
			name = Debug;
		};
		AE1009AB2A545509005CBBB0 /* Release */ = {
			isa = XCBuildConfiguration;
			baseConfigurationReference = B58A1F797E7A1FCA1AD850EB /* Pods-Podcasts.release.xcconfig */;
			buildSettings = {
				ASSETCATALOG_COMPILER_APPICON_NAME = AppIcon;
				ASSETCATALOG_COMPILER_GLOBAL_ACCENT_COLOR_NAME = AccentColor;
				CODE_SIGN_STYLE = Automatic;
				CURRENT_PROJECT_VERSION = 1;
				DEVELOPMENT_TEAM = 47239J68X3;
				GENERATE_INFOPLIST_FILE = YES;
				INFOPLIST_FILE = Podcasts/Info.plist;
				INFOPLIST_KEY_UIApplicationSupportsIndirectInputEvents = YES;
				INFOPLIST_KEY_UILaunchStoryboardName = LaunchScreen;
				INFOPLIST_KEY_UISupportedInterfaceOrientations_iPad = "UIInterfaceOrientationPortrait UIInterfaceOrientationPortraitUpsideDown UIInterfaceOrientationLandscapeLeft UIInterfaceOrientationLandscapeRight";
				INFOPLIST_KEY_UISupportedInterfaceOrientations_iPhone = "UIInterfaceOrientationPortrait UIInterfaceOrientationLandscapeLeft UIInterfaceOrientationLandscapeRight";
				LD_RUNPATH_SEARCH_PATHS = (
					"$(inherited)",
					"@executable_path/Frameworks",
				);
				MARKETING_VERSION = 1.0;
				PRODUCT_BUNDLE_IDENTIFIER = com.omerfarukercivan.Podcasts;
				PRODUCT_NAME = "$(TARGET_NAME)";
				SWIFT_EMIT_LOC_STRINGS = YES;
				SWIFT_VERSION = 5.0;
				TARGETED_DEVICE_FAMILY = "1,2";
			};
			name = Release;
		};
/* End XCBuildConfiguration section */

/* Begin XCConfigurationList section */
		AE1009902A545508005CBBB0 /* Build configuration list for PBXProject "Podcasts" */ = {
			isa = XCConfigurationList;
			buildConfigurations = (
				AE1009A72A545509005CBBB0 /* Debug */,
				AE1009A82A545509005CBBB0 /* Release */,
			);
			defaultConfigurationIsVisible = 0;
			defaultConfigurationName = Release;
		};
		AE1009A92A545509005CBBB0 /* Build configuration list for PBXNativeTarget "Podcasts" */ = {
			isa = XCConfigurationList;
			buildConfigurations = (
				AE1009AA2A545509005CBBB0 /* Debug */,
				AE1009AB2A545509005CBBB0 /* Release */,
			);
			defaultConfigurationIsVisible = 0;
			defaultConfigurationName = Release;
		};
/* End XCConfigurationList section */
	};
	rootObject = AE10098D2A545508005CBBB0 /* Project object */;
}
